
Microsoft Visual Studio Solution File, Format Version 12.00
# Visual Studio Version 17
VisualStudioVersion = 17.7.34202.233
MinimumVisualStudioVersion = 10.0.40219.1
Project("{9A19103F-16F7-4668-BE54-9A1E7A4F7556}") = "Carnage", "Carnage.csproj", "{24BD6E50-6F3F-460D-806A-14517CC0E049}"
EndProject
Global
	GlobalSection(SolutionConfigurationPlatforms) = preSolution
		Debug|Any CPU = Debug|Any CPU
		Release|Any CPU = Release|Any CPU
	EndGlobalSection
	GlobalSection(ProjectConfigurationPlatforms) = postSolution
		{24BD6E50-6F3F-460D-806A-14517CC0E049}.Debug|Any CPU.ActiveCfg = Debug|Any CPU
		{24BD6E50-6F3F-460D-806A-14517CC0E049}.Debug|Any CPU.Build.0 = Debug|Any CPU
		{24BD6E50-6F3F-460D-806A-14517CC0E049}.Release|Any CPU.ActiveCfg = Release|Any CPU
		{24BD6E50-6F3F-460D-806A-14517CC0E049}.Release|Any CPU.Build.0 = Release|Any CPU
	EndGlobalSection
	GlobalSection(SolutionProperties) = preSolution
		HideSolutionNode = FALSE
	EndGlobalSection
	GlobalSection(ExtensibilityGlobals) = postSolution
		SolutionGuid = {C0CA087D-2533-483C-AC74-BDAC3DC83788}
	EndGlobalSection
EndGlobal
